
Microsoft Visual Studio Solution File, Format Version 12.00
# Visual Studio Version 17
VisualStudioVersion = 17.3.32929.385
MinimumVisualStudioVersion = 10.0.40219.1
Project("{FAE04EC0-301F-11D3-BF4B-00C04F79EFBC}") = "CS_WinForms_HttpCleint", "CS_WinForms_HttpCleint\CS_WinForms_HttpCleint.csproj", "{4A729677-B682-4006-B75A-0F3ED40BE95A}"
EndProject
Global
	GlobalSection(SolutionConfigurationPlatforms) = preSolution
		Debug|Any CPU = Debug|Any CPU
		Release|Any CPU = Release|Any CPU
	EndGlobalSection
	GlobalSection(ProjectConfigurationPlatforms) = postSolution
		{4A729677-B682-4006-B75A-0F3ED40BE95A}.Debug|Any CPU.ActiveCfg = Debug|Any CPU
		{4A729677-B682-4006-B75A-0F3ED40BE95A}.Debug|Any CPU.Build.0 = Debug|Any CPU
		{4A729677-B682-4006-B75A-0F3ED40BE95A}.Release|Any CPU.ActiveCfg = Release|Any CPU
		{4A729677-B682-4006-B75A-0F3ED40BE95A}.Release|Any CPU.Build.0 = Release|Any CPU
	EndGlobalSection
	GlobalSection(SolutionProperties) = preSolution
		HideSolutionNode = FALSE
	EndGlobalSection
	GlobalSection(ExtensibilityGlobals) = postSolution
		SolutionGuid = {8266A427-81B1-4FA8-A776-9D0719F1E02B}
	EndGlobalSection
EndGlobal
