
Microsoft Visual Studio Solution File, Format Version 12.00
# Visual Studio Version 17
VisualStudioVersion = 17.3.32929.385
MinimumVisualStudioVersion = 10.0.40219.1
Project("{FAE04EC0-301F-11D3-BF4B-00C04F79EFBC}") = "CS_WinForms_SimpleHttpServer", "CS_WinForms_SimpleHttpServer\CS_WinForms_SimpleHttpServer.csproj", "{BAE2C798-FD21-49F5-9441-FDFC1E6F0EB2}"
EndProject
Global
	GlobalSection(SolutionConfigurationPlatforms) = preSolution
		Debug|Any CPU = Debug|Any CPU
		Release|Any CPU = Release|Any CPU
	EndGlobalSection
	GlobalSection(ProjectConfigurationPlatforms) = postSolution
		{BAE2C798-FD21-49F5-9441-FDFC1E6F0EB2}.Debug|Any CPU.ActiveCfg = Debug|Any CPU
		{BAE2C798-FD21-49F5-9441-FDFC1E6F0EB2}.Debug|Any CPU.Build.0 = Debug|Any CPU
		{BAE2C798-FD21-49F5-9441-FDFC1E6F0EB2}.Release|Any CPU.ActiveCfg = Release|Any CPU
		{BAE2C798-FD21-49F5-9441-FDFC1E6F0EB2}.Release|Any CPU.Build.0 = Release|Any CPU
	EndGlobalSection
	GlobalSection(SolutionProperties) = preSolution
		HideSolutionNode = FALSE
	EndGlobalSection
	GlobalSection(ExtensibilityGlobals) = postSolution
		SolutionGuid = {4731AE1D-9DA6-44A2-A811-3F50E079A219}
	EndGlobalSection
EndGlobal
